// !$*UTF8*$!
{
	archiveVersion = 1;
	classes = {
	};
	objectVersion = 46;
	objects = {

/* Begin PBXBuildFile section */
		6B5792F01A85736800C28CFB /* main.m in Sources */ = {isa = PBXBuildFile; fileRef = 6B5792EF1A85736800C28CFB /* main.m */; };
		6B5792F31A85736800C28CFB /* AppDelegate.m in Sources */ = {isa = PBXBuildFile; fileRef = 6B5792F21A85736800C28CFB /* AppDelegate.m */; };
		6B5792F61A85736800C28CFB /* ViewController.m in Sources */ = {isa = PBXBuildFile; fileRef = 6B5792F51A85736800C28CFB /* ViewController.m */; };
		6B5792F91A85736800C28CFB /* Main.storyboard in Resources */ = {isa = PBXBuildFile; fileRef = 6B5792F71A85736800C28CFB /* Main.storyboard */; };
		6B5792FB1A85736800C28CFB /* Images.xcassets in Resources */ = {isa = PBXBuildFile; fileRef = 6B5792FA1A85736800C28CFB /* Images.xcassets */; };
		6B5792FE1A85736800C28CFB /* LaunchScreen.xib in Resources */ = {isa = PBXBuildFile; fileRef = 6B5792FC1A85736800C28CFB /* LaunchScreen.xib */; };
		6B57930A1A85736800C28CFB /* AttributorTests.m in Sources */ = {isa = PBXBuildFile; fileRef = 6B5793091A85736800C28CFB /* AttributorTests.m */; };
		6BED18E21A891F5100B7359E /* TextStatsViewController.m in Sources */ = {isa = PBXBuildFile; fileRef = 6BED18E11A891F5100B7359E /* TextStatsViewController.m */; };
/* End PBXBuildFile section */

/* Begin PBXContainerItemProxy section */
		6B5793041A85736800C28CFB /* PBXContainerItemProxy */ = {
			isa = PBXContainerItemProxy;
			containerPortal = 6B5792E21A85736800C28CFB /* Project object */;
			proxyType = 1;
			remoteGlobalIDString = 6B5792E91A85736800C28CFB;
			remoteInfo = Attributor;
		};
/* End PBXContainerItemProxy section */

/* Begin PBXFileReference section */
		6B5792EA1A85736800C28CFB /* Attributor.app */ = {isa = PBXFileReference; explicitFileType = wrapper.application; includeInIndex = 0; path = Attributor.app; sourceTree = BUILT_PRODUCTS_DIR; };
		6B5792EE1A85736800C28CFB /* Info.plist */ = {isa = PBXFileReference; lastKnownFileType = text.plist.xml; path = Info.plist; sourceTree = "<group>"; };
		6B5792EF1A85736800C28CFB /* main.m */ = {isa = PBXFileReference; lastKnownFileType = sourcecode.c.objc; path = main.m; sourceTree = "<group>"; };
		6B5792F11A85736800C28CFB /* AppDelegate.h */ = {isa = PBXFileReference; lastKnownFileType = sourcecode.c.h; path = AppDelegate.h; sourceTree = "<group>"; };
		6B5792F21A85736800C28CFB /* AppDelegate.m */ = {isa = PBXFileReference; lastKnownFileType = sourcecode.c.objc; path = AppDelegate.m; sourceTree = "<group>"; };
		6B5792F41A85736800C28CFB /* ViewController.h */ = {isa = PBXFileReference; lastKnownFileType = sourcecode.c.h; path = ViewController.h; sourceTree = "<group>"; };
		6B5792F51A85736800C28CFB /* ViewController.m */ = {isa = PBXFileReference; lastKnownFileType = sourcecode.c.objc; path = ViewController.m; sourceTree = "<group>"; };
		6B5792F81A85736800C28CFB /* Base */ = {isa = PBXFileReference; lastKnownFileType = file.storyboard; name = Base; path = Base.lproj/Main.storyboard; sourceTree = "<group>"; };
		6B5792FA1A85736800C28CFB /* Images.xcassets */ = {isa = PBXFileReference; lastKnownFileType = folder.assetcatalog; path = Images.xcassets; sourceTree = "<group>"; };
		6B5792FD1A85736800C28CFB /* Base */ = {isa = PBXFileReference; lastKnownFileType = file.xib; name = Base; path = Base.lproj/LaunchScreen.xib; sourceTree = "<group>"; };
		6B5793031A85736800C28CFB /* AttributorTests.xctest */ = {isa = PBXFileReference; explicitFileType = wrapper.cfbundle; includeInIndex = 0; path = AttributorTests.xctest; sourceTree = BUILT_PRODUCTS_DIR; };
		6B5793081A85736800C28CFB /* Info.plist */ = {isa = PBXFileReference; lastKnownFileType = text.plist.xml; path = Info.plist; sourceTree = "<group>"; };
		6B5793091A85736800C28CFB /* AttributorTests.m */ = {isa = PBXFileReference; lastKnownFileType = sourcecode.c.objc; path = AttributorTests.m; sourceTree = "<group>"; };
		6BED18E01A891F5100B7359E /* TextStatsViewController.h */ = {isa = PBXFileReference; fileEncoding = 4; lastKnownFileType = sourcecode.c.h; path = TextStatsViewController.h; sourceTree = "<group>"; };
		6BED18E11A891F5100B7359E /* TextStatsViewController.m */ = {isa = PBXFileReference; fileEncoding = 4; lastKnownFileType = sourcecode.c.objc; path = TextStatsViewController.m; sourceTree = "<group>"; };
/* End PBXFileReference section */

/* Begin PBXFrameworksBuildPhase section */
		6B5792E71A85736800C28CFB /* Frameworks */ = {
			isa = PBXFrameworksBuildPhase;
			buildActionMask = 2147483647;
			files = (
			);
			runOnlyForDeploymentPostprocessing = 0;
		};
		6B5793001A85736800C28CFB /* Frameworks */ = {
			isa = PBXFrameworksBuildPhase;
			buildActionMask = 2147483647;
			files = (
			);
			runOnlyForDeploymentPostprocessing = 0;
		};
/* End PBXFrameworksBuildPhase section */

/* Begin PBXGroup section */
		6B5792E11A85736800C28CFB = {
			isa = PBXGroup;
			children = (
				6B5792EC1A85736800C28CFB /* Attributor */,
				6B5793061A85736800C28CFB /* AttributorTests */,
				6B5792EB1A85736800C28CFB /* Products */,
			);
			sourceTree = "<group>";
		};
		6B5792EB1A85736800C28CFB /* Products */ = {
			isa = PBXGroup;
			children = (
				6B5792EA1A85736800C28CFB /* Attributor.app */,
				6B5793031A85736800C28CFB /* AttributorTests.xctest */,
			);
			name = Products;
			sourceTree = "<group>";
		};
		6B5792EC1A85736800C28CFB /* Attributor */ = {
			isa = PBXGroup;
			children = (
				6B5792F11A85736800C28CFB /* AppDelegate.h */,
				6B5792F21A85736800C28CFB /* AppDelegate.m */,
				6B5792F41A85736800C28CFB /* ViewController.h */,
				6B5792F51A85736800C28CFB /* ViewController.m */,
				6B5792F71A85736800C28CFB /* Main.storyboard */,
				6BED18E01A891F5100B7359E /* TextStatsViewController.h */,
				6BED18E11A891F5100B7359E /* TextStatsViewController.m */,
				6B5792FA1A85736800C28CFB /* Images.xcassets */,
				6B5792FC1A85736800C28CFB /* LaunchScreen.xib */,
				6B5792ED1A85736800C28CFB /* Supporting Files */,
			);
			path = Attributor;
			sourceTree = "<group>";
		};
		6B5792ED1A85736800C28CFB /* Supporting Files */ = {
			isa = PBXGroup;
			children = (
				6B5792EE1A85736800C28CFB /* Info.plist */,
				6B5792EF1A85736800C28CFB /* main.m */,
			);
			name = "Supporting Files";
			sourceTree = "<group>";
		};
		6B5793061A85736800C28CFB /* AttributorTests */ = {
			isa = PBXGroup;
			children = (
				6B5793091A85736800C28CFB /* AttributorTests.m */,
				6B5793071A85736800C28CFB /* Supporting Files */,
			);
			path = AttributorTests;
			sourceTree = "<group>";
		};
		6B5793071A85736800C28CFB /* Supporting Files */ = {
			isa = PBXGroup;
			children = (
				6B5793081A85736800C28CFB /* Info.plist */,
			);
			name = "Supporting Files";
			sourceTree = "<group>";
		};
/* End PBXGroup section */

/* Begin PBXNativeTarget section */
		6B5792E91A85736800C28CFB /* Attributor */ = {
			isa = PBXNativeTarget;
			buildConfigurationList = 6B57930D1A85736800C28CFB /* Build configuration list for PBXNativeTarget "Attributor" */;
			buildPhases = (
				6B5792E61A85736800C28CFB /* Sources */,
				6B5792E71A85736800C28CFB /* Frameworks */,
				6B5792E81A85736800C28CFB /* Resources */,
			);
			buildRules = (
			);
			dependencies = (
			);
			name = Attributor;
			productName = Attributor;
			productReference = 6B5792EA1A85736800C28CFB /* Attributor.app */;
			productType = "com.apple.product-type.application";
		};
		6B5793021A85736800C28CFB /* AttributorTests */ = {
			isa = PBXNativeTarget;
			buildConfigurationList = 6B5793101A85736800C28CFB /* Build configuration list for PBXNativeTarget "AttributorTests" */;
			buildPhases = (
				6B5792FF1A85736800C28CFB /* Sources */,
				6B5793001A85736800C28CFB /* Frameworks */,
				6B5793011A85736800C28CFB /* Resources */,
			);
			buildRules = (
			);
			dependencies = (
				6B5793051A85736800C28CFB /* PBXTargetDependency */,
			);
			name = AttributorTests;
			productName = AttributorTests;
			productReference = 6B5793031A85736800C28CFB /* AttributorTests.xctest */;
			productType = "com.apple.product-type.bundle.unit-test";
		};
/* End PBXNativeTarget section */

/* Begin PBXProject section */
		6B5792E21A85736800C28CFB /* Project object */ = {
			isa = PBXProject;
			attributes = {
				LastUpgradeCheck = 0610;
				ORGANIZATIONNAME = "Rachel Lew";
				TargetAttributes = {
					6B5792E91A85736800C28CFB = {
						CreatedOnToolsVersion = 6.1.1;
					};
					6B5793021A85736800C28CFB = {
						CreatedOnToolsVersion = 6.1.1;
						TestTargetID = 6B5792E91A85736800C28CFB;
					};
				};
			};
			buildConfigurationList = 6B5792E51A85736800C28CFB /* Build configuration list for PBXProject "Attributor" */;
			compatibilityVersion = "Xcode 3.2";
			developmentRegion = English;
			hasScannedForEncodings = 0;
			knownRegions = (
				en,
				Base,
			);
			mainGroup = 6B5792E11A85736800C28CFB;
			productRefGroup = 6B5792EB1A85736800C28CFB /* Products */;
			projectDirPath = "";
			projectRoot = "";
			targets = (
				6B5792E91A85736800C28CFB /* Attributor */,
				6B5793021A85736800C28CFB /* AttributorTests */,
			);
		};
/* End PBXProject section */

/* Begin PBXResourcesBuildPhase section */
		6B5792E81A85736800C28CFB /* Resources */ = {
			isa = PBXResourcesBuildPhase;
			buildActionMask = 2147483647;
			files = (
				6B5792F91A85736800C28CFB /* Main.storyboard in Resources */,
				6B5792FE1A85736800C28CFB /* LaunchScreen.xib in Resources */,
				6B5792FB1A85736800C28CFB /* Images.xcassets in Resources */,
			);
			runOnlyForDeploymentPostprocessing = 0;
		};
		6B5793011A85736800C28CFB /* Resources */ = {
			isa = PBXResourcesBuildPhase;
			buildActionMask = 2147483647;
			files = (
			);
			runOnlyForDeploymentPostprocessing = 0;
		};
/* End PBXResourcesBuildPhase section */

/* Begin PBXSourcesBuildPhase section */
		6B5792E61A85736800C28CFB /* Sources */ = {
			isa = PBXSourcesBuildPhase;
			buildActionMask = 2147483647;
			files = (
				6B5792F61A85736800C28CFB /* ViewController.m in Sources */,
				6B5792F31A85736800C28CFB /* AppDelegate.m in Sources */,
				6B5792F01A85736800C28CFB /* main.m in Sources */,
				6BED18E21A891F5100B7359E /* TextStatsViewController.m in Sources */,
			);
			runOnlyForDeploymentPostprocessing = 0;
		};
		6B5792FF1A85736800C28CFB /* Sources */ = {
			isa = PBXSourcesBuildPhase;
			buildActionMask = 2147483647;
			files = (
				6B57930A1A85736800C28CFB /* AttributorTests.m in Sources */,
			);
			runOnlyForDeploymentPostprocessing = 0;
		};
/* End PBXSourcesBuildPhase section */

/* Begin PBXTargetDependency section */
		6B5793051A85736800C28CFB /* PBXTargetDependency */ = {
			isa = PBXTargetDependency;
			target = 6B5792E91A85736800C28CFB /* Attributor */;
			targetProxy = 6B5793041A85736800C28CFB /* PBXContainerItemProxy */;
		};
/* End PBXTargetDependency section */

/* Begin PBXVariantGroup section */
		6B5792F71A85736800C28CFB /* Main.storyboard */ = {
			isa = PBXVariantGroup;
			children = (
				6B5792F81A85736800C28CFB /* Base */,
			);
			name = Main.storyboard;
			sourceTree = "<group>";
		};
		6B5792FC1A85736800C28CFB /* LaunchScreen.xib */ = {
			isa = PBXVariantGroup;
			children = (
				6B5792FD1A85736800C28CFB /* Base */,
			);
			name = LaunchScreen.xib;
			sourceTree = "<group>";
		};
/* End PBXVariantGroup section */

/* Begin XCBuildConfiguration section */
		6B57930B1A85736800C28CFB /* Debug */ = {
			isa = XCBuildConfiguration;
			buildSettings = {
				ALWAYS_SEARCH_USER_PATHS = NO;
				CLANG_CXX_LANGUAGE_STANDARD = "gnu++0x";
				CLANG_CXX_LIBRARY = "libc++";
				CLANG_ENABLE_MODULES = YES;
				CLANG_ENABLE_OBJC_ARC = YES;
				CLANG_WARN_BOOL_CONVERSION = YES;
				CLANG_WARN_CONSTANT_CONVERSION = YES;
				CLANG_WARN_DIRECT_OBJC_ISA_USAGE = YES_ERROR;
				CLANG_WARN_EMPTY_BODY = YES;
				CLANG_WARN_ENUM_CONVERSION = YES;
				CLANG_WARN_INT_CONVERSION = YES;
				CLANG_WARN_OBJC_ROOT_CLASS = YES_ERROR;
				CLANG_WARN_UNREACHABLE_CODE = YES;
				CLANG_WARN__DUPLICATE_METHOD_MATCH = YES;
				"CODE_SIGN_IDENTITY[sdk=iphoneos*]" = "iPhone Developer";
				COPY_PHASE_STRIP = NO;
				ENABLE_STRICT_OBJC_MSGSEND = YES;
				GCC_C_LANGUAGE_STANDARD = gnu99;
				GCC_DYNAMIC_NO_PIC = NO;
				GCC_OPTIMIZATION_LEVEL = 0;
				GCC_PREPROCESSOR_DEFINITIONS = (
					"DEBUG=1",
					"$(inherited)",
				);
				GCC_SYMBOLS_PRIVATE_EXTERN = NO;
				GCC_WARN_64_TO_32_BIT_CONVERSION = YES;
				GCC_WARN_ABOUT_RETURN_TYPE = YES_ERROR;
				GCC_WARN_UNDECLARED_SELECTOR = YES;
				GCC_WARN_UNINITIALIZED_AUTOS = YES_AGGRESSIVE;
				GCC_WARN_UNUSED_FUNCTION = YES;
				GCC_WARN_UNUSED_VARIABLE = YES;
				IPHONEOS_DEPLOYMENT_TARGET = 8.1;
				MTL_ENABLE_DEBUG_INFO = YES;
				ONLY_ACTIVE_ARCH = YES;
				SDKROOT = iphoneos;
			};
			name = Debug;
		};
		6B57930C1A85736800C28CFB /* Release */ = {
			isa = XCBuildConfiguration;
			buildSettings = {
				ALWAYS_SEARCH_USER_PATHS = NO;
				CLANG_CXX_LANGUAGE_STANDARD = "gnu++0x";
				CLANG_CXX_LIBRARY = "libc++";
				CLANG_ENABLE_MODULES = YES;
				CLANG_ENABLE_OBJC_ARC = YES;
				CLANG_WARN_BOOL_CONVERSION = YES;
				CLANG_WARN_CONSTANT_CONVERSION = YES;
				CLANG_WARN_DIRECT_OBJC_ISA_USAGE = YES_ERROR;
				CLANG_WARN_EMPTY_BODY = YES;
				CLANG_WARN_ENUM_CONVERSION = YES;
				CLANG_WARN_INT_CONVERSION = YES;
				CLANG_WARN_OBJC_ROOT_CLASS = YES_ERROR;
				CLANG_WARN_UNREACHABLE_CODE = YES;
				CLANG_WARN__DUPLICATE_METHOD_MATCH = YES;
				"CODE_SIGN_IDENTITY[sdk=iphoneos*]" = "iPhone Developer";
				COPY_PHASE_STRIP = YES;
				ENABLE_NS_ASSERTIONS = NO;
				ENABLE_STRICT_OBJC_MSGSEND = YES;
				GCC_C_LANGUAGE_STANDARD = gnu99;
				GCC_WARN_64_TO_32_BIT_CONVERSION = YES;
				GCC_WARN_ABOUT_RETURN_TYPE = YES_ERROR;
				GCC_WARN_UNDECLARED_SELECTOR = YES;
				GCC_WARN_UNINITIALIZED_AUTOS = YES_AGGRESSIVE;
				GCC_WARN_UNUSED_FUNCTION = YES;
				GCC_WARN_UNUSED_VARIABLE = YES;
				IPHONEOS_DEPLOYMENT_TARGET = 8.1;
				MTL_ENABLE_DEBUG_INFO = NO;
				SDKROOT = iphoneos;
				VALIDATE_PRODUCT = YES;
			};
			name = Release;
		};
		6B57930E1A85736800C28CFB /* Debug */ = {
			isa = XCBuildConfiguration;
			buildSettings = {
				ASSETCATALOG_COMPILER_APPICON_NAME = AppIcon;
				INFOPLIST_FILE = Attributor/Info.plist;
				LD_RUNPATH_SEARCH_PATHS = "$(inherited) @executable_path/Frameworks";
				PRODUCT_NAME = "$(TARGET_NAME)";
			};
			name = Debug;
		};
		6B57930F1A85736800C28CFB /* Release */ = {
			isa = XCBuildConfiguration;
			buildSettings = {
				ASSETCATALOG_COMPILER_APPICON_NAME = AppIcon;
				INFOPLIST_FILE = Attributor/Info.plist;
				LD_RUNPATH_SEARCH_PATHS = "$(inherited) @executable_path/Frameworks";
				PRODUCT_NAME = "$(TARGET_NAME)";
			};
			name = Release;
		};
		6B5793111A85736800C28CFB /* Debug */ = {
			isa = XCBuildConfiguration;
			buildSettings = {
				BUNDLE_LOADER = "$(TEST_HOST)";
				FRAMEWORK_SEARCH_PATHS = (
					"$(SDKROOT)/Developer/Library/Frameworks",
					"$(inherited)",
				);
				GCC_PREPROCESSOR_DEFINITIONS = (
					"DEBUG=1",
					"$(inherited)",
				);
				INFOPLIST_FILE = AttributorTests/Info.plist;
				LD_RUNPATH_SEARCH_PATHS = "$(inherited) @executable_path/Frameworks @loader_path/Frameworks";
				PRODUCT_NAME = "$(TARGET_NAME)";
				TEST_HOST = "$(BUILT_PRODUCTS_DIR)/Attributor.app/Attributor";
			};
			name = Debug;
		};
		6B5793121A85736800C28CFB /* Release */ = {
			isa = XCBuildConfiguration;
			buildSettings = {
				BUNDLE_LOADER = "$(TEST_HOST)";
				FRAMEWORK_SEARCH_PATHS = (
					"$(SDKROOT)/Developer/Library/Frameworks",
					"$(inherited)",
				);
				INFOPLIST_FILE = AttributorTests/Info.plist;
				LD_RUNPATH_SEARCH_PATHS = "$(inherited) @executable_path/Frameworks @loader_path/Frameworks";
				PRODUCT_NAME = "$(TARGET_NAME)";
				TEST_HOST = "$(BUILT_PRODUCTS_DIR)/Attributor.app/Attributor";
			};
			name = Release;
		};
/* End XCBuildConfiguration section */

/* Begin XCConfigurationList section */
		6B5792E51A85736800C28CFB /* Build configuration list for PBXProject "Attributor" */ = {
			isa = XCConfigurationList;
			buildConfigurations = (
				6B57930B1A85736800C28CFB /* Debug */,
				6B57930C1A85736800C28CFB /* Release */,
			);
			defaultConfigurationIsVisible = 0;
			defaultConfigurationName = Release;
		};
		6B57930D1A85736800C28CFB /* Build configuration list for PBXNativeTarget "Attributor" */ = {
			isa = XCConfigurationList;
			buildConfigurations = (
				6B57930E1A85736800C28CFB /* Debug */,
				6B57930F1A85736800C28CFB /* Release */,
			);
			defaultConfigurationIsVisible = 0;
			defaultConfigurationName = Release;
		};
		6B5793101A85736800C28CFB /* Build configuration list for PBXNativeTarget "AttributorTests" */ = {
			isa = XCConfigurationList;
			buildConfigurations = (
				6B5793111A85736800C28CFB /* Debug */,
				6B5793121A85736800C28CFB /* Release */,
			);
			defaultConfigurationIsVisible = 0;
			defaultConfigurationName = Release;
		};
/* End XCConfigurationList section */
	};
	rootObject = 6B5792E21A85736800C28CFB /* Project object */;
}
